
Microsoft Visual Studio Solution File, Format Version 12.00
# Visual Studio Version 16
VisualStudioVersion = 16.0.30114.105
MinimumVisualStudioVersion = 10.0.40219.1
Project("{FAE04EC0-301F-11D3-BF4B-00C04F79EFBC}") = "SerializationProgram", "SerializationProgram\SerializationProgram.csproj", "{4B7605A4-13BC-464F-9521-2B141ED839ED}"
EndProject
Project("{FAE04EC0-301F-11D3-BF4B-00C04F79EFBC}") = "SerializationCore", "SerializationCore\SerializationCore.csproj", "{0BD76C68-93E6-4157-A965-269099C444A1}"
EndProject
Project("{FAE04EC0-301F-11D3-BF4B-00C04F79EFBC}") = "HumanCore", "HumanCore\HumanCore.csproj", "{84CCBD9C-D41A-43F0-8FED-9D01BAD7D4BA}"
EndProject
Project("{FAE04EC0-301F-11D3-BF4B-00C04F79EFBC}") = "NoAvailablePropertiesExceptionCore", "NoAvailablePropertiesExeption\NoAvailablePropertiesExceptionCore.csproj", "{F6017262-B235-44D4-B21D-EE045AD38020}"
EndProject
Global
	GlobalSection(SolutionConfigurationPlatforms) = preSolution
		Debug|Any CPU = Debug|Any CPU
		Release|Any CPU = Release|Any CPU
	EndGlobalSection
	GlobalSection(ProjectConfigurationPlatforms) = postSolution
		{4B7605A4-13BC-464F-9521-2B141ED839ED}.Debug|Any CPU.ActiveCfg = Debug|Any CPU
		{4B7605A4-13BC-464F-9521-2B141ED839ED}.Debug|Any CPU.Build.0 = Debug|Any CPU
		{4B7605A4-13BC-464F-9521-2B141ED839ED}.Release|Any CPU.ActiveCfg = Release|Any CPU
		{4B7605A4-13BC-464F-9521-2B141ED839ED}.Release|Any CPU.Build.0 = Release|Any CPU
		{0BD76C68-93E6-4157-A965-269099C444A1}.Debug|Any CPU.ActiveCfg = Debug|Any CPU
		{0BD76C68-93E6-4157-A965-269099C444A1}.Debug|Any CPU.Build.0 = Debug|Any CPU
		{0BD76C68-93E6-4157-A965-269099C444A1}.Release|Any CPU.ActiveCfg = Release|Any CPU
		{0BD76C68-93E6-4157-A965-269099C444A1}.Release|Any CPU.Build.0 = Release|Any CPU
		{84CCBD9C-D41A-43F0-8FED-9D01BAD7D4BA}.Debug|Any CPU.ActiveCfg = Debug|Any CPU
		{84CCBD9C-D41A-43F0-8FED-9D01BAD7D4BA}.Debug|Any CPU.Build.0 = Debug|Any CPU
		{84CCBD9C-D41A-43F0-8FED-9D01BAD7D4BA}.Release|Any CPU.ActiveCfg = Release|Any CPU
		{84CCBD9C-D41A-43F0-8FED-9D01BAD7D4BA}.Release|Any CPU.Build.0 = Release|Any CPU
		{F6017262-B235-44D4-B21D-EE045AD38020}.Debug|Any CPU.ActiveCfg = Debug|Any CPU
		{F6017262-B235-44D4-B21D-EE045AD38020}.Debug|Any CPU.Build.0 = Debug|Any CPU
		{F6017262-B235-44D4-B21D-EE045AD38020}.Release|Any CPU.ActiveCfg = Release|Any CPU
		{F6017262-B235-44D4-B21D-EE045AD38020}.Release|Any CPU.Build.0 = Release|Any CPU
	EndGlobalSection
	GlobalSection(SolutionProperties) = preSolution
		HideSolutionNode = FALSE
	EndGlobalSection
	GlobalSection(ExtensibilityGlobals) = postSolution
		SolutionGuid = {73B1EEA9-8FBC-4B6E-AC40-28FFB8BFC820}
	EndGlobalSection
EndGlobal
